
Microsoft Visual Studio Solution File, Format Version 12.00
# Visual Studio Version 17
VisualStudioVersion = 17.4.33122.133
MinimumVisualStudioVersion = 10.0.40219.1
Project("{8BC9CEB8-8B4A-11D0-8D11-00A0C91BC942}") = "EX_01_Hello_CPP", "EX_01_Hello_CPP\EX_01_Hello_CPP.vcxproj", "{A7C7B476-D89C-4CD5-94BB-58E0A9D6488F}"
EndProject
Project("{8BC9CEB8-8B4A-11D0-8D11-00A0C91BC942}") = "EX_02_Unicode", "EX_02_Unicode\EX_02_Unicode.vcxproj", "{31146F2F-0316-41B8-ACD3-818DD88FD740}"
EndProject
Project("{8BC9CEB8-8B4A-11D0-8D11-00A0C91BC942}") = "EX_02_WindowStation", "EX_02_WindowStation\EX_02_WindowStation.vcxproj", "{A4249290-D711-4868-B098-6C4B0BBF2DE1}"
EndProject
Project("{8BC9CEB8-8B4A-11D0-8D11-00A0C91BC942}") = "EX_02_Desktop", "EX_02_Desktop\EX_02_Desktop.vcxproj", "{F265FF17-A26D-400B-B02C-DC3034CE704D}"
EndProject
Project("{8BC9CEB8-8B4A-11D0-8D11-00A0C91BC942}") = "EX_03_Process", "EX_03_Process\EX_03_Process.vcxproj", "{388634BD-0E32-459C-8468-589912ABF4A8}"
EndProject
Project("{8BC9CEB8-8B4A-11D0-8D11-00A0C91BC942}") = "EX_03_DesktopProcess", "EX_03_DesktopProcess\EX_03_DesktopProcess.vcxproj", "{2EDA0FDD-BEBE-4785-92D8-08D80A5B69ED}"
EndProject
Project("{8BC9CEB8-8B4A-11D0-8D11-00A0C91BC942}") = "EX_03_OpenProcess", "EX_03_OpenProcess\EX_03_OpenProcess.vcxproj", "{1A024D64-504C-4A9F-9F81-E06428753F6F}"
EndProject
Project("{8BC9CEB8-8B4A-11D0-8D11-00A0C91BC942}") = "EX_04_CreateThread", "EX_04_CreateThread\EX_04_CreateThread.vcxproj", "{74AB5165-997F-4D74-AE34-1EF7AFBC4FE2}"
EndProject
Project("{8BC9CEB8-8B4A-11D0-8D11-00A0C91BC942}") = "EX_04_Threadpri", "EX_04_Threadpri\EX_04_Threadpri.vcxproj", "{37573990-D83B-4B6C-A76E-D4550D2AFA91}"
EndProject
Project("{8BC9CEB8-8B4A-11D0-8D11-00A0C91BC942}") = "EX_04_Mutex", "EX_04_Mutex\EX_04_Mutex.vcxproj", "{29D5C05D-A771-4095-9236-A617017FF3A1}"
EndProject
Global
	GlobalSection(SolutionConfigurationPlatforms) = preSolution
		Debug|x64 = Debug|x64
		Debug|x86 = Debug|x86
		Release|x64 = Release|x64
		Release|x86 = Release|x86
	EndGlobalSection
	GlobalSection(ProjectConfigurationPlatforms) = postSolution
		{A7C7B476-D89C-4CD5-94BB-58E0A9D6488F}.Debug|x64.ActiveCfg = Debug|x64
		{A7C7B476-D89C-4CD5-94BB-58E0A9D6488F}.Debug|x64.Build.0 = Debug|x64
		{A7C7B476-D89C-4CD5-94BB-58E0A9D6488F}.Debug|x86.ActiveCfg = Debug|Win32
		{A7C7B476-D89C-4CD5-94BB-58E0A9D6488F}.Debug|x86.Build.0 = Debug|Win32
		{A7C7B476-D89C-4CD5-94BB-58E0A9D6488F}.Release|x64.ActiveCfg = Release|x64
		{A7C7B476-D89C-4CD5-94BB-58E0A9D6488F}.Release|x64.Build.0 = Release|x64
		{A7C7B476-D89C-4CD5-94BB-58E0A9D6488F}.Release|x86.ActiveCfg = Release|Win32
		{A7C7B476-D89C-4CD5-94BB-58E0A9D6488F}.Release|x86.Build.0 = Release|Win32
		{31146F2F-0316-41B8-ACD3-818DD88FD740}.Debug|x64.ActiveCfg = Debug|x64
		{31146F2F-0316-41B8-ACD3-818DD88FD740}.Debug|x64.Build.0 = Debug|x64
		{31146F2F-0316-41B8-ACD3-818DD88FD740}.Debug|x86.ActiveCfg = Debug|Win32
		{31146F2F-0316-41B8-ACD3-818DD88FD740}.Debug|x86.Build.0 = Debug|Win32
		{31146F2F-0316-41B8-ACD3-818DD88FD740}.Release|x64.ActiveCfg = Release|x64
		{31146F2F-0316-41B8-ACD3-818DD88FD740}.Release|x64.Build.0 = Release|x64
		{31146F2F-0316-41B8-ACD3-818DD88FD740}.Release|x86.ActiveCfg = Release|Win32
		{31146F2F-0316-41B8-ACD3-818DD88FD740}.Release|x86.Build.0 = Release|Win32
		{A4249290-D711-4868-B098-6C4B0BBF2DE1}.Debug|x64.ActiveCfg = Debug|x64
		{A4249290-D711-4868-B098-6C4B0BBF2DE1}.Debug|x64.Build.0 = Debug|x64
		{A4249290-D711-4868-B098-6C4B0BBF2DE1}.Debug|x86.ActiveCfg = Debug|Win32
		{A4249290-D711-4868-B098-6C4B0BBF2DE1}.Debug|x86.Build.0 = Debug|Win32
		{A4249290-D711-4868-B098-6C4B0BBF2DE1}.Release|x64.ActiveCfg = Release|x64
		{A4249290-D711-4868-B098-6C4B0BBF2DE1}.Release|x64.Build.0 = Release|x64
		{A4249290-D711-4868-B098-6C4B0BBF2DE1}.Release|x86.ActiveCfg = Release|Win32
		{A4249290-D711-4868-B098-6C4B0BBF2DE1}.Release|x86.Build.0 = Release|Win32
		{F265FF17-A26D-400B-B02C-DC3034CE704D}.Debug|x64.ActiveCfg = Debug|x64
		{F265FF17-A26D-400B-B02C-DC3034CE704D}.Debug|x64.Build.0 = Debug|x64
		{F265FF17-A26D-400B-B02C-DC3034CE704D}.Debug|x86.ActiveCfg = Debug|Win32
		{F265FF17-A26D-400B-B02C-DC3034CE704D}.Debug|x86.Build.0 = Debug|Win32
		{F265FF17-A26D-400B-B02C-DC3034CE704D}.Release|x64.ActiveCfg = Release|x64
		{F265FF17-A26D-400B-B02C-DC3034CE704D}.Release|x64.Build.0 = Release|x64
		{F265FF17-A26D-400B-B02C-DC3034CE704D}.Release|x86.ActiveCfg = Release|Win32
		{F265FF17-A26D-400B-B02C-DC3034CE704D}.Release|x86.Build.0 = Release|Win32
		{388634BD-0E32-459C-8468-589912ABF4A8}.Debug|x64.ActiveCfg = Debug|x64
		{388634BD-0E32-459C-8468-589912ABF4A8}.Debug|x64.Build.0 = Debug|x64
		{388634BD-0E32-459C-8468-589912ABF4A8}.Debug|x86.ActiveCfg = Debug|Win32
		{388634BD-0E32-459C-8468-589912ABF4A8}.Debug|x86.Build.0 = Debug|Win32
		{388634BD-0E32-459C-8468-589912ABF4A8}.Release|x64.ActiveCfg = Release|x64
		{388634BD-0E32-459C-8468-589912ABF4A8}.Release|x64.Build.0 = Release|x64
		{388634BD-0E32-459C-8468-589912ABF4A8}.Release|x86.ActiveCfg = Release|Win32
		{388634BD-0E32-459C-8468-589912ABF4A8}.Release|x86.Build.0 = Release|Win32
		{2EDA0FDD-BEBE-4785-92D8-08D80A5B69ED}.Debug|x64.ActiveCfg = Debug|x64
		{2EDA0FDD-BEBE-4785-92D8-08D80A5B69ED}.Debug|x64.Build.0 = Debug|x64
		{2EDA0FDD-BEBE-4785-92D8-08D80A5B69ED}.Debug|x86.ActiveCfg = Debug|Win32
		{2EDA0FDD-BEBE-4785-92D8-08D80A5B69ED}.Debug|x86.Build.0 = Debug|Win32
		{2EDA0FDD-BEBE-4785-92D8-08D80A5B69ED}.Release|x64.ActiveCfg = Release|x64
		{2EDA0FDD-BEBE-4785-92D8-08D80A5B69ED}.Release|x64.Build.0 = Release|x64
		{2EDA0FDD-BEBE-4785-92D8-08D80A5B69ED}.Release|x86.ActiveCfg = Release|Win32
		{2EDA0FDD-BEBE-4785-92D8-08D80A5B69ED}.Release|x86.Build.0 = Release|Win32
		{1A024D64-504C-4A9F-9F81-E06428753F6F}.Debug|x64.ActiveCfg = Debug|x64
		{1A024D64-504C-4A9F-9F81-E06428753F6F}.Debug|x64.Build.0 = Debug|x64
		{1A024D64-504C-4A9F-9F81-E06428753F6F}.Debug|x86.ActiveCfg = Debug|Win32
		{1A024D64-504C-4A9F-9F81-E06428753F6F}.Debug|x86.Build.0 = Debug|Win32
		{1A024D64-504C-4A9F-9F81-E06428753F6F}.Release|x64.ActiveCfg = Release|x64
		{1A024D64-504C-4A9F-9F81-E06428753F6F}.Release|x64.Build.0 = Release|x64
		{1A024D64-504C-4A9F-9F81-E06428753F6F}.Release|x86.ActiveCfg = Release|Win32
		{1A024D64-504C-4A9F-9F81-E06428753F6F}.Release|x86.Build.0 = Release|Win32
		{74AB5165-997F-4D74-AE34-1EF7AFBC4FE2}.Debug|x64.ActiveCfg = Debug|x64
		{74AB5165-997F-4D74-AE34-1EF7AFBC4FE2}.Debug|x64.Build.0 = Debug|x64
		{74AB5165-997F-4D74-AE34-1EF7AFBC4FE2}.Debug|x86.ActiveCfg = Debug|Win32
		{74AB5165-997F-4D74-AE34-1EF7AFBC4FE2}.Debug|x86.Build.0 = Debug|Win32
		{74AB5165-997F-4D74-AE34-1EF7AFBC4FE2}.Release|x64.ActiveCfg = Release|x64
		{74AB5165-997F-4D74-AE34-1EF7AFBC4FE2}.Release|x64.Build.0 = Release|x64
		{74AB5165-997F-4D74-AE34-1EF7AFBC4FE2}.Release|x86.ActiveCfg = Release|Win32
		{74AB5165-997F-4D74-AE34-1EF7AFBC4FE2}.Release|x86.Build.0 = Release|Win32
		{37573990-D83B-4B6C-A76E-D4550D2AFA91}.Debug|x64.ActiveCfg = Debug|x64
		{37573990-D83B-4B6C-A76E-D4550D2AFA91}.Debug|x64.Build.0 = Debug|x64
		{37573990-D83B-4B6C-A76E-D4550D2AFA91}.Debug|x86.ActiveCfg = Debug|Win32
		{37573990-D83B-4B6C-A76E-D4550D2AFA91}.Debug|x86.Build.0 = Debug|Win32
		{37573990-D83B-4B6C-A76E-D4550D2AFA91}.Release|x64.ActiveCfg = Release|x64
		{37573990-D83B-4B6C-A76E-D4550D2AFA91}.Release|x64.Build.0 = Release|x64
		{37573990-D83B-4B6C-A76E-D4550D2AFA91}.Release|x86.ActiveCfg = Release|Win32
		{37573990-D83B-4B6C-A76E-D4550D2AFA91}.Release|x86.Build.0 = Release|Win32
		{29D5C05D-A771-4095-9236-A617017FF3A1}.Debug|x64.ActiveCfg = Debug|x64
		{29D5C05D-A771-4095-9236-A617017FF3A1}.Debug|x64.Build.0 = Debug|x64
		{29D5C05D-A771-4095-9236-A617017FF3A1}.Debug|x86.ActiveCfg = Debug|Win32
		{29D5C05D-A771-4095-9236-A617017FF3A1}.Debug|x86.Build.0 = Debug|Win32
		{29D5C05D-A771-4095-9236-A617017FF3A1}.Release|x64.ActiveCfg = Release|x64
		{29D5C05D-A771-4095-9236-A617017FF3A1}.Release|x64.Build.0 = Release|x64
		{29D5C05D-A771-4095-9236-A617017FF3A1}.Release|x86.ActiveCfg = Release|Win32
		{29D5C05D-A771-4095-9236-A617017FF3A1}.Release|x86.Build.0 = Release|Win32
	EndGlobalSection
	GlobalSection(SolutionProperties) = preSolution
		HideSolutionNode = FALSE
	EndGlobalSection
	GlobalSection(ExtensibilityGlobals) = postSolution
		SolutionGuid = {0E5F0F4F-DAA7-44B4-A3BC-402A10B9ED95}
	EndGlobalSection
EndGlobal
